
Microsoft Visual Studio Solution File, Format Version 12.00
# Visual Studio Version 16
VisualStudioVersion = 16.0.33927.289
MinimumVisualStudioVersion = 10.0.40219.1
Project("{FAE04EC0-301F-11D3-BF4B-00C04F79EFBC}") = "ganchito", "ganchito.csproj", "{C1FD3265-D099-4C53-9E6D-830952A6808C}"
EndProject
Global
	GlobalSection(SolutionConfigurationPlatforms) = preSolution
		Debug|Any CPU = Debug|Any CPU
		Release|Any CPU = Release|Any CPU
	EndGlobalSection
	GlobalSection(ProjectConfigurationPlatforms) = postSolution
		{C1FD3265-D099-4C53-9E6D-830952A6808C}.Debug|Any CPU.ActiveCfg = Debug|Any CPU
		{C1FD3265-D099-4C53-9E6D-830952A6808C}.Debug|Any CPU.Build.0 = Debug|Any CPU
		{C1FD3265-D099-4C53-9E6D-830952A6808C}.Release|Any CPU.ActiveCfg = Release|Any CPU
		{C1FD3265-D099-4C53-9E6D-830952A6808C}.Release|Any CPU.Build.0 = Release|Any CPU
	EndGlobalSection
	GlobalSection(SolutionProperties) = preSolution
		HideSolutionNode = FALSE
	EndGlobalSection
	GlobalSection(ExtensibilityGlobals) = postSolution
		SolutionGuid = {FFFD008D-6716-4187-B5C6-E78F0285AFD0}
	EndGlobalSection
EndGlobal
